// !$*UTF8*$!
{
	archiveVersion = 1;
	classes = {
	};
	objectVersion = 50;
	objects = {

/* Begin PBXBuildFile section */
		7CBE4A53238E421A00FAF2EA /* AppDelegate.swift in Sources */ = {isa = PBXBuildFile; fileRef = 7CBE4A52238E421A00FAF2EA /* AppDelegate.swift */; };
		7CBE4A55238E421A00FAF2EA /* SceneDelegate.swift in Sources */ = {isa = PBXBuildFile; fileRef = 7CBE4A54238E421A00FAF2EA /* SceneDelegate.swift */; };
		7CBE4A57238E421A00FAF2EA /* ViewController.swift in Sources */ = {isa = PBXBuildFile; fileRef = 7CBE4A56238E421A00FAF2EA /* ViewController.swift */; };
		7CBE4A5A238E421A00FAF2EA /* Main.storyboard in Resources */ = {isa = PBXBuildFile; fileRef = 7CBE4A58238E421A00FAF2EA /* Main.storyboard */; };
		7CBE4A5C238E421F00FAF2EA /* Assets.xcassets in Resources */ = {isa = PBXBuildFile; fileRef = 7CBE4A5B238E421F00FAF2EA /* Assets.xcassets */; };
		7CBE4A5F238E421F00FAF2EA /* LaunchScreen.storyboard in Resources */ = {isa = PBXBuildFile; fileRef = 7CBE4A5D238E421F00FAF2EA /* LaunchScreen.storyboard */; };
/* End PBXBuildFile section */

/* Begin PBXFileReference section */
		7CBE4A4F238E421A00FAF2EA /* Frame,Bounds.app */ = {isa = PBXFileReference; explicitFileType = wrapper.application; includeInIndex = 0; path = "Frame,Bounds.app"; sourceTree = BUILT_PRODUCTS_DIR; };
		7CBE4A52238E421A00FAF2EA /* AppDelegate.swift */ = {isa = PBXFileReference; lastKnownFileType = sourcecode.swift; path = AppDelegate.swift; sourceTree = "<group>"; };
		7CBE4A54238E421A00FAF2EA /* SceneDelegate.swift */ = {isa = PBXFileReference; lastKnownFileType = sourcecode.swift; path = SceneDelegate.swift; sourceTree = "<group>"; };
		7CBE4A56238E421A00FAF2EA /* ViewController.swift */ = {isa = PBXFileReference; lastKnownFileType = sourcecode.swift; path = ViewController.swift; sourceTree = "<group>"; };
		7CBE4A59238E421A00FAF2EA /* Base */ = {isa = PBXFileReference; lastKnownFileType = file.storyboard; name = Base; path = Base.lproj/Main.storyboard; sourceTree = "<group>"; };
		7CBE4A5B238E421F00FAF2EA /* Assets.xcassets */ = {isa = PBXFileReference; lastKnownFileType = folder.assetcatalog; path = Assets.xcassets; sourceTree = "<group>"; };
		7CBE4A5E238E421F00FAF2EA /* Base */ = {isa = PBXFileReference; lastKnownFileType = file.storyboard; name = Base; path = Base.lproj/LaunchScreen.storyboard; sourceTree = "<group>"; };
		7CBE4A60238E421F00FAF2EA /* Info.plist */ = {isa = PBXFileReference; lastKnownFileType = text.plist.xml; path = Info.plist; sourceTree = "<group>"; };
/* End PBXFileReference section */

/* Begin PBXFrameworksBuildPhase section */
		7CBE4A4C238E421A00FAF2EA /* Frameworks */ = {
			isa = PBXFrameworksBuildPhase;
			buildActionMask = 2147483647;
			files = (
			);
			runOnlyForDeploymentPostprocessing = 0;
		};
/* End PBXFrameworksBuildPhase section */

/* Begin PBXGroup section */
		7CBE4A46238E421A00FAF2EA = {
			isa = PBXGroup;
			children = (
				7CBE4A51238E421A00FAF2EA /* Frame,Bounds */,
				7CBE4A50238E421A00FAF2EA /* Products */,
			);
			sourceTree = "<group>";
		};
		7CBE4A50238E421A00FAF2EA /* Products */ = {
			isa = PBXGroup;
			children = (
				7CBE4A4F238E421A00FAF2EA /* Frame,Bounds.app */,
			);
			name = Products;
			sourceTree = "<group>";
		};
		7CBE4A51238E421A00FAF2EA /* Frame,Bounds */ = {
			isa = PBXGroup;
			children = (
				7CBE4A52238E421A00FAF2EA /* AppDelegate.swift */,
				7CBE4A54238E421A00FAF2EA /* SceneDelegate.swift */,
				7CBE4A56238E421A00FAF2EA /* ViewController.swift */,
				7CBE4A58238E421A00FAF2EA /* Main.storyboard */,
				7CBE4A5B238E421F00FAF2EA /* Assets.xcassets */,
				7CBE4A5D238E421F00FAF2EA /* LaunchScreen.storyboard */,
				7CBE4A60238E421F00FAF2EA /* Info.plist */,
			);
			path = "Frame,Bounds";
			sourceTree = "<group>";
		};
/* End PBXGroup section */

/* Begin PBXNativeTarget section */
		7CBE4A4E238E421A00FAF2EA /* Frame,Bounds */ = {
			isa = PBXNativeTarget;
			buildConfigurationList = 7CBE4A63238E421F00FAF2EA /* Build configuration list for PBXNativeTarget "Frame,Bounds" */;
			buildPhases = (
				7CBE4A4B238E421A00FAF2EA /* Sources */,
				7CBE4A4C238E421A00FAF2EA /* Frameworks */,
				7CBE4A4D238E421A00FAF2EA /* Resources */,
			);
			buildRules = (
			);
			dependencies = (
			);
			name = "Frame,Bounds";
			productName = "Frame,Bounds";
			productReference = 7CBE4A4F238E421A00FAF2EA /* Frame,Bounds.app */;
			productType = "com.apple.product-type.application";
		};
/* End PBXNativeTarget section */

/* Begin PBXProject section */
		7CBE4A47238E421A00FAF2EA /* Project object */ = {
			isa = PBXProject;
			attributes = {
				LastSwiftUpdateCheck = 1110;
				LastUpgradeCheck = 1110;
				ORGANIZATIONNAME = hong3;
				TargetAttributes = {
					7CBE4A4E238E421A00FAF2EA = {
						CreatedOnToolsVersion = 11.1;
					};
				};
			};
			buildConfigurationList = 7CBE4A4A238E421A00FAF2EA /* Build configuration list for PBXProject "Frame,Bounds" */;
			compatibilityVersion = "Xcode 9.3";
			developmentRegion = en;
			hasScannedForEncodings = 0;
			knownRegions = (
				en,
				Base,
			);
			mainGroup = 7CBE4A46238E421A00FAF2EA;
			productRefGroup = 7CBE4A50238E421A00FAF2EA /* Products */;
			projectDirPath = "";
			projectRoot = "";
			targets = (
				7CBE4A4E238E421A00FAF2EA /* Frame,Bounds */,
			);
		};
/* End PBXProject section */

/* Begin PBXResourcesBuildPhase section */
		7CBE4A4D238E421A00FAF2EA /* Resources */ = {
			isa = PBXResourcesBuildPhase;
			buildActionMask = 2147483647;
			files = (
				7CBE4A5F238E421F00FAF2EA /* LaunchScreen.storyboard in Resources */,
				7CBE4A5C238E421F00FAF2EA /* Assets.xcassets in Resources */,
				7CBE4A5A238E421A00FAF2EA /* Main.storyboard in Resources */,
			);
			runOnlyForDeploymentPostprocessing = 0;
		};
/* End PBXResourcesBuildPhase section */

/* Begin PBXSourcesBuildPhase section */
		7CBE4A4B238E421A00FAF2EA /* Sources */ = {
			isa = PBXSourcesBuildPhase;
			buildActionMask = 2147483647;
			files = (
				7CBE4A57238E421A00FAF2EA /* ViewController.swift in Sources */,
				7CBE4A53238E421A00FAF2EA /* AppDelegate.swift in Sources */,
				7CBE4A55238E421A00FAF2EA /* SceneDelegate.swift in Sources */,
			);
			runOnlyForDeploymentPostprocessing = 0;
		};
/* End PBXSourcesBuildPhase section */

/* Begin PBXVariantGroup section */
		7CBE4A58238E421A00FAF2EA /* Main.storyboard */ = {
			isa = PBXVariantGroup;
			children = (
				7CBE4A59238E421A00FAF2EA /* Base */,
			);
			name = Main.storyboard;
			sourceTree = "<group>";
		};
		7CBE4A5D238E421F00FAF2EA /* LaunchScreen.storyboard */ = {
			isa = PBXVariantGroup;
			children = (
				7CBE4A5E238E421F00FAF2EA /* Base */,
			);
			name = LaunchScreen.storyboard;
			sourceTree = "<group>";
		};
/* End PBXVariantGroup section */

/* Begin XCBuildConfiguration section */
		7CBE4A61238E421F00FAF2EA /* Debug */ = {
			isa = XCBuildConfiguration;
			buildSettings = {
				ALWAYS_SEARCH_USER_PATHS = NO;
				CLANG_ANALYZER_NONNULL = YES;
				CLANG_ANALYZER_NUMBER_OBJECT_CONVERSION = YES_AGGRESSIVE;
				CLANG_CXX_LANGUAGE_STANDARD = "gnu++14";
				CLANG_CXX_LIBRARY = "libc++";
				CLANG_ENABLE_MODULES = YES;
				CLANG_ENABLE_OBJC_ARC = YES;
				CLANG_ENABLE_OBJC_WEAK = YES;
				CLANG_WARN_BLOCK_CAPTURE_AUTORELEASING = YES;
				CLANG_WARN_BOOL_CONVERSION = YES;
				CLANG_WARN_COMMA = YES;
				CLANG_WARN_CONSTANT_CONVERSION = YES;
				CLANG_WARN_DEPRECATED_OBJC_IMPLEMENTATIONS = YES;
				CLANG_WARN_DIRECT_OBJC_ISA_USAGE = YES_ERROR;
				CLANG_WARN_DOCUMENTATION_COMMENTS = YES;
				CLANG_WARN_EMPTY_BODY = YES;
				CLANG_WARN_ENUM_CONVERSION = YES;
				CLANG_WARN_INFINITE_RECURSION = YES;
				CLANG_WARN_INT_CONVERSION = YES;
				CLANG_WARN_NON_LITERAL_NULL_CONVERSION = YES;
				CLANG_WARN_OBJC_IMPLICIT_RETAIN_SELF = YES;
				CLANG_WARN_OBJC_LITERAL_CONVERSION = YES;
				CLANG_WARN_OBJC_ROOT_CLASS = YES_ERROR;
				CLANG_WARN_RANGE_LOOP_ANALYSIS = YES;
				CLANG_WARN_STRICT_PROTOTYPES = YES;
				CLANG_WARN_SUSPICIOUS_MOVE = YES;
				CLANG_WARN_UNGUARDED_AVAILABILITY = YES_AGGRESSIVE;
				CLANG_WARN_UNREACHABLE_CODE = YES;
				CLANG_WARN__DUPLICATE_METHOD_MATCH = YES;
				COPY_PHASE_STRIP = NO;
				DEBUG_INFORMATION_FORMAT = dwarf;
				ENABLE_STRICT_OBJC_MSGSEND = YES;
				ENABLE_TESTABILITY = YES;
				GCC_C_LANGUAGE_STANDARD = gnu11;
				GCC_DYNAMIC_NO_PIC = NO;
				GCC_NO_COMMON_BLOCKS = YES;
				GCC_OPTIMIZATION_LEVEL = 0;
				GCC_PREPROCESSOR_DEFINITIONS = (
					"DEBUG=1",
					"$(inherited)",
				);
				GCC_WARN_64_TO_32_BIT_CONVERSION = YES;
				GCC_WARN_ABOUT_RETURN_TYPE = YES_ERROR;
				GCC_WARN_UNDECLARED_SELECTOR = YES;
				GCC_WARN_UNINITIALIZED_AUTOS = YES_AGGRESSIVE;
				GCC_WARN_UNUSED_FUNCTION = YES;
				GCC_WARN_UNUSED_VARIABLE = YES;
				IPHONEOS_DEPLOYMENT_TARGET = 13.1;
				MTL_ENABLE_DEBUG_INFO = INCLUDE_SOURCE;
				MTL_FAST_MATH = YES;
				ONLY_ACTIVE_ARCH = YES;
				SDKROOT = iphoneos;
				SWIFT_ACTIVE_COMPILATION_CONDITIONS = DEBUG;
				SWIFT_OPTIMIZATION_LEVEL = "-Onone";
			};
			name = Debug;
		};
		7CBE4A62238E421F00FAF2EA /* Release */ = {
			isa = XCBuildConfiguration;
			buildSettings = {
				ALWAYS_SEARCH_USER_PATHS = NO;
				CLANG_ANALYZER_NONNULL = YES;
				CLANG_ANALYZER_NUMBER_OBJECT_CONVERSION = YES_AGGRESSIVE;
				CLANG_CXX_LANGUAGE_STANDARD = "gnu++14";
				CLANG_CXX_LIBRARY = "libc++";
				CLANG_ENABLE_MODULES = YES;
				CLANG_ENABLE_OBJC_ARC = YES;
				CLANG_ENABLE_OBJC_WEAK = YES;
				CLANG_WARN_BLOCK_CAPTURE_AUTORELEASING = YES;
				CLANG_WARN_BOOL_CONVERSION = YES;
				CLANG_WARN_COMMA = YES;
				CLANG_WARN_CONSTANT_CONVERSION = YES;
				CLANG_WARN_DEPRECATED_OBJC_IMPLEMENTATIONS = YES;
				CLANG_WARN_DIRECT_OBJC_ISA_USAGE = YES_ERROR;
				CLANG_WARN_DOCUMENTATION_COMMENTS = YES;
				CLANG_WARN_EMPTY_BODY = YES;
				CLANG_WARN_ENUM_CONVERSION = YES;
				CLANG_WARN_INFINITE_RECURSION = YES;
				CLANG_WARN_INT_CONVERSION = YES;
				CLANG_WARN_NON_LITERAL_NULL_CONVERSION = YES;
				CLANG_WARN_OBJC_IMPLICIT_RETAIN_SELF = YES;
				CLANG_WARN_OBJC_LITERAL_CONVERSION = YES;
				CLANG_WARN_OBJC_ROOT_CLASS = YES_ERROR;
				CLANG_WARN_RANGE_LOOP_ANALYSIS = YES;
				CLANG_WARN_STRICT_PROTOTYPES = YES;
				CLANG_WARN_SUSPICIOUS_MOVE = YES;
				CLANG_WARN_UNGUARDED_AVAILABILITY = YES_AGGRESSIVE;
				CLANG_WARN_UNREACHABLE_CODE = YES;
				CLANG_WARN__DUPLICATE_METHOD_MATCH = YES;
				COPY_PHASE_STRIP = NO;
				DEBUG_INFORMATION_FORMAT = "dwarf-with-dsym";
				ENABLE_NS_ASSERTIONS = NO;
				ENABLE_STRICT_OBJC_MSGSEND = YES;
				GCC_C_LANGUAGE_STANDARD = gnu11;
				GCC_NO_COMMON_BLOCKS = YES;
				GCC_WARN_64_TO_32_BIT_CONVERSION = YES;
				GCC_WARN_ABOUT_RETURN_TYPE = YES_ERROR;
				GCC_WARN_UNDECLARED_SELECTOR = YES;
				GCC_WARN_UNINITIALIZED_AUTOS = YES_AGGRESSIVE;
				GCC_WARN_UNUSED_FUNCTION = YES;
				GCC_WARN_UNUSED_VARIABLE = YES;
				IPHONEOS_DEPLOYMENT_TARGET = 13.1;
				MTL_ENABLE_DEBUG_INFO = NO;
				MTL_FAST_MATH = YES;
				SDKROOT = iphoneos;
				SWIFT_COMPILATION_MODE = wholemodule;
				SWIFT_OPTIMIZATION_LEVEL = "-O";
				VALIDATE_PRODUCT = YES;
			};
			name = Release;
		};
		7CBE4A64238E421F00FAF2EA /* Debug */ = {
			isa = XCBuildConfiguration;
			buildSettings = {
				ASSETCATALOG_COMPILER_APPICON_NAME = AppIcon;
				CODE_SIGN_STYLE = Automatic;
				INFOPLIST_FILE = "Frame,Bounds/Info.plist";
				LD_RUNPATH_SEARCH_PATHS = (
					"$(inherited)",
					"@executable_path/Frameworks",
				);
				PRODUCT_BUNDLE_IDENTIFIER = "io.github.hongdonghyun.Frame-Bounds";
				PRODUCT_NAME = "$(TARGET_NAME)";
				SWIFT_VERSION = 5.0;
				TARGETED_DEVICE_FAMILY = "1,2";
			};
			name = Debug;
		};
		7CBE4A65238E421F00FAF2EA /* Release */ = {
			isa = XCBuildConfiguration;
			buildSettings = {
				ASSETCATALOG_COMPILER_APPICON_NAME = AppIcon;
				CODE_SIGN_STYLE = Automatic;
				INFOPLIST_FILE = "Frame,Bounds/Info.plist";
				LD_RUNPATH_SEARCH_PATHS = (
					"$(inherited)",
					"@executable_path/Frameworks",
				);
				PRODUCT_BUNDLE_IDENTIFIER = "io.github.hongdonghyun.Frame-Bounds";
				PRODUCT_NAME = "$(TARGET_NAME)";
				SWIFT_VERSION = 5.0;
				TARGETED_DEVICE_FAMILY = "1,2";
			};
			name = Release;
		};
/* End XCBuildConfiguration section */

/* Begin XCConfigurationList section */
		7CBE4A4A238E421A00FAF2EA /* Build configuration list for PBXProject "Frame,Bounds" */ = {
			isa = XCConfigurationList;
			buildConfigurations = (
				7CBE4A61238E421F00FAF2EA /* Debug */,
				7CBE4A62238E421F00FAF2EA /* Release */,
			);
			defaultConfigurationIsVisible = 0;
			defaultConfigurationName = Release;
		};
		7CBE4A63238E421F00FAF2EA /* Build configuration list for PBXNativeTarget "Frame,Bounds" */ = {
			isa = XCConfigurationList;
			buildConfigurations = (
				7CBE4A64238E421F00FAF2EA /* Debug */,
				7CBE4A65238E421F00FAF2EA /* Release */,
			);
			defaultConfigurationIsVisible = 0;
			defaultConfigurationName = Release;
		};
/* End XCConfigurationList section */
	};
	rootObject = 7CBE4A47238E421A00FAF2EA /* Project object */;
}
