// !$*UTF8*$!
{
	archiveVersion = 1;
	classes = {
	};
	objectVersion = 51;
	objects = {

/* Begin PBXBuildFile section */
		7C5E918223D5B61B00D05CBC /* RecentViewController.swift in Sources */ = {isa = PBXBuildFile; fileRef = 7C5E918123D5B61B00D05CBC /* RecentViewController.swift */; };
		7C5E918423D5B63000D05CBC /* ReceiptViewController.swift in Sources */ = {isa = PBXBuildFile; fileRef = 7C5E918323D5B63000D05CBC /* ReceiptViewController.swift */; };
		7C5E918823D5B94500D05CBC /* RecentItemCell.swift in Sources */ = {isa = PBXBuildFile; fileRef = 7C5E918723D5B94500D05CBC /* RecentItemCell.swift */; };
		7C8FAD9C23D6919D00DD83EE /* DotLineLabel.swift in Sources */ = {isa = PBXBuildFile; fileRef = 7C8FAD9B23D6919D00DD83EE /* DotLineLabel.swift */; };
		7C90FC8C23D539E3000DA203 /* AppDelegate.swift in Sources */ = {isa = PBXBuildFile; fileRef = 7C90FC8B23D539E3000DA203 /* AppDelegate.swift */; };
		7C90FC8E23D539E3000DA203 /* SceneDelegate.swift in Sources */ = {isa = PBXBuildFile; fileRef = 7C90FC8D23D539E3000DA203 /* SceneDelegate.swift */; };
		7C90FC9023D539E3000DA203 /* ViewController.swift in Sources */ = {isa = PBXBuildFile; fileRef = 7C90FC8F23D539E3000DA203 /* ViewController.swift */; };
		7C90FC9323D539E3000DA203 /* Main.storyboard in Resources */ = {isa = PBXBuildFile; fileRef = 7C90FC9123D539E3000DA203 /* Main.storyboard */; };
		7C90FC9523D539E7000DA203 /* Assets.xcassets in Resources */ = {isa = PBXBuildFile; fileRef = 7C90FC9423D539E7000DA203 /* Assets.xcassets */; };
		7C90FC9823D539E7000DA203 /* LaunchScreen.storyboard in Resources */ = {isa = PBXBuildFile; fileRef = 7C90FC9623D539E7000DA203 /* LaunchScreen.storyboard */; };
		7C942C5823D554C700D3E46D /* toss.swift in Sources */ = {isa = PBXBuildFile; fileRef = 7C942C5723D554C700D3E46D /* toss.swift */; };
		7C942C5A23D554F600D3E46D /* tossModel.swift in Sources */ = {isa = PBXBuildFile; fileRef = 7C942C5923D554F600D3E46D /* tossModel.swift */; };
		7C942C5E23D5564800D3E46D /* Constants.swift in Sources */ = {isa = PBXBuildFile; fileRef = 7C942C5D23D5564800D3E46D /* Constants.swift */; };
		7C942C6023D5567600D3E46D /* Extensions.swift in Sources */ = {isa = PBXBuildFile; fileRef = 7C942C5F23D5567600D3E46D /* Extensions.swift */; };
		7C942C6223D556A100D3E46D /* functions.swift in Sources */ = {isa = PBXBuildFile; fileRef = 7C942C6123D556A100D3E46D /* functions.swift */; };
		7C942C6423D556D900D3E46D /* UserModel.swift in Sources */ = {isa = PBXBuildFile; fileRef = 7C942C6323D556D900D3E46D /* UserModel.swift */; };
		7CE1D3D923D5AA09002511E3 /* CustomTextField.swift in Sources */ = {isa = PBXBuildFile; fileRef = 7CE1D3D823D5AA09002511E3 /* CustomTextField.swift */; };
		7CE1D3DB23D5AA13002511E3 /* CustomButton.swift in Sources */ = {isa = PBXBuildFile; fileRef = 7CE1D3DA23D5AA13002511E3 /* CustomButton.swift */; };
		7CE1D3DD23D5AA38002511E3 /* CustomLabel.swift in Sources */ = {isa = PBXBuildFile; fileRef = 7CE1D3DC23D5AA38002511E3 /* CustomLabel.swift */; };
		DD3E42C4525F466F23689971 /* Pods_DutchApp.framework in Frameworks */ = {isa = PBXBuildFile; fileRef = 53E76BEC25EF4AEAFCFDBE80 /* Pods_DutchApp.framework */; };
/* End PBXBuildFile section */

/* Begin PBXFileReference section */
		53E76BEC25EF4AEAFCFDBE80 /* Pods_DutchApp.framework */ = {isa = PBXFileReference; explicitFileType = wrapper.framework; includeInIndex = 0; path = Pods_DutchApp.framework; sourceTree = BUILT_PRODUCTS_DIR; };
		7C5E918123D5B61B00D05CBC /* RecentViewController.swift */ = {isa = PBXFileReference; lastKnownFileType = sourcecode.swift; path = RecentViewController.swift; sourceTree = "<group>"; };
		7C5E918323D5B63000D05CBC /* ReceiptViewController.swift */ = {isa = PBXFileReference; lastKnownFileType = sourcecode.swift; path = ReceiptViewController.swift; sourceTree = "<group>"; };
		7C5E918723D5B94500D05CBC /* RecentItemCell.swift */ = {isa = PBXFileReference; lastKnownFileType = sourcecode.swift; path = RecentItemCell.swift; sourceTree = "<group>"; };
		7C8FAD9B23D6919D00DD83EE /* DotLineLabel.swift */ = {isa = PBXFileReference; lastKnownFileType = sourcecode.swift; path = DotLineLabel.swift; sourceTree = "<group>"; };
		7C90FC8823D539E3000DA203 /* DutchApp.app */ = {isa = PBXFileReference; explicitFileType = wrapper.application; includeInIndex = 0; path = DutchApp.app; sourceTree = BUILT_PRODUCTS_DIR; };
		7C90FC8B23D539E3000DA203 /* AppDelegate.swift */ = {isa = PBXFileReference; lastKnownFileType = sourcecode.swift; path = AppDelegate.swift; sourceTree = "<group>"; };
		7C90FC8D23D539E3000DA203 /* SceneDelegate.swift */ = {isa = PBXFileReference; lastKnownFileType = sourcecode.swift; path = SceneDelegate.swift; sourceTree = "<group>"; };
		7C90FC8F23D539E3000DA203 /* ViewController.swift */ = {isa = PBXFileReference; lastKnownFileType = sourcecode.swift; name = ViewController.swift; path = ../ViewController.swift; sourceTree = "<group>"; };
		7C90FC9223D539E3000DA203 /* Base */ = {isa = PBXFileReference; lastKnownFileType = file.storyboard; name = Base; path = Base.lproj/Main.storyboard; sourceTree = "<group>"; };
		7C90FC9423D539E7000DA203 /* Assets.xcassets */ = {isa = PBXFileReference; lastKnownFileType = folder.assetcatalog; path = Assets.xcassets; sourceTree = "<group>"; };
		7C90FC9723D539E7000DA203 /* Base */ = {isa = PBXFileReference; lastKnownFileType = file.storyboard; name = Base; path = Base.lproj/LaunchScreen.storyboard; sourceTree = "<group>"; };
		7C90FC9923D539E7000DA203 /* Info.plist */ = {isa = PBXFileReference; lastKnownFileType = text.plist.xml; path = Info.plist; sourceTree = "<group>"; };
		7C942C5723D554C700D3E46D /* toss.swift */ = {isa = PBXFileReference; lastKnownFileType = sourcecode.swift; path = toss.swift; sourceTree = "<group>"; };
		7C942C5923D554F600D3E46D /* tossModel.swift */ = {isa = PBXFileReference; lastKnownFileType = sourcecode.swift; path = tossModel.swift; sourceTree = "<group>"; };
		7C942C5D23D5564800D3E46D /* Constants.swift */ = {isa = PBXFileReference; lastKnownFileType = sourcecode.swift; path = Constants.swift; sourceTree = "<group>"; };
		7C942C5F23D5567600D3E46D /* Extensions.swift */ = {isa = PBXFileReference; lastKnownFileType = sourcecode.swift; path = Extensions.swift; sourceTree = "<group>"; };
		7C942C6123D556A100D3E46D /* functions.swift */ = {isa = PBXFileReference; lastKnownFileType = sourcecode.swift; path = functions.swift; sourceTree = "<group>"; };
		7C942C6323D556D900D3E46D /* UserModel.swift */ = {isa = PBXFileReference; lastKnownFileType = sourcecode.swift; name = UserModel.swift; path = ../utils/UserModel.swift; sourceTree = "<group>"; };
		7C942C7423D5582000D3E46D /* NanumSquareRoundR.ttf */ = {isa = PBXFileReference; lastKnownFileType = file; path = NanumSquareRoundR.ttf; sourceTree = "<group>"; };
		7CE1D3D823D5AA09002511E3 /* CustomTextField.swift */ = {isa = PBXFileReference; lastKnownFileType = sourcecode.swift; path = CustomTextField.swift; sourceTree = "<group>"; };
		7CE1D3DA23D5AA13002511E3 /* CustomButton.swift */ = {isa = PBXFileReference; lastKnownFileType = sourcecode.swift; path = CustomButton.swift; sourceTree = "<group>"; };
		7CE1D3DC23D5AA38002511E3 /* CustomLabel.swift */ = {isa = PBXFileReference; lastKnownFileType = sourcecode.swift; path = CustomLabel.swift; sourceTree = "<group>"; };
		B12D53E8E8F7D1148C3F1FFA /* Pods-DutchApp.debug.xcconfig */ = {isa = PBXFileReference; includeInIndex = 1; lastKnownFileType = text.xcconfig; name = "Pods-DutchApp.debug.xcconfig"; path = "Target Support Files/Pods-DutchApp/Pods-DutchApp.debug.xcconfig"; sourceTree = "<group>"; };
		DB61E27D8A5CBDCFA0194BAC /* Pods-DutchApp.release.xcconfig */ = {isa = PBXFileReference; includeInIndex = 1; lastKnownFileType = text.xcconfig; name = "Pods-DutchApp.release.xcconfig"; path = "Target Support Files/Pods-DutchApp/Pods-DutchApp.release.xcconfig"; sourceTree = "<group>"; };
/* End PBXFileReference section */

/* Begin PBXFrameworksBuildPhase section */
		7C90FC8523D539E3000DA203 /* Frameworks */ = {
			isa = PBXFrameworksBuildPhase;
			buildActionMask = 2147483647;
			files = (
				DD3E42C4525F466F23689971 /* Pods_DutchApp.framework in Frameworks */,
			);
			runOnlyForDeploymentPostprocessing = 0;
		};
/* End PBXFrameworksBuildPhase section */

/* Begin PBXGroup section */
		7C90FC7F23D539E3000DA203 = {
			isa = PBXGroup;
			children = (
				7C90FC8A23D539E3000DA203 /* DutchApp */,
				7C90FC8923D539E3000DA203 /* Products */,
				9F06F5D65C27614C1DEF88F6 /* Pods */,
				810C070AD15F7FCDBD754C28 /* Frameworks */,
			);
			sourceTree = "<group>";
		};
		7C90FC8923D539E3000DA203 /* Products */ = {
			isa = PBXGroup;
			children = (
				7C90FC8823D539E3000DA203 /* DutchApp.app */,
			);
			name = Products;
			sourceTree = "<group>";
		};
		7C90FC8A23D539E3000DA203 /* DutchApp */ = {
			isa = PBXGroup;
			children = (
				7C942C7323D5581000D3E46D /* Fonts */,
				7C942C5623D545C500D3E46D /* utils */,
				7C942C5523D542F000D3E46D /* views */,
				7C942C5423D542E800D3E46D /* Models */,
				7C942C5323D542D900D3E46D /* ViewControllers */,
				7C90FC8B23D539E3000DA203 /* AppDelegate.swift */,
				7C90FC8D23D539E3000DA203 /* SceneDelegate.swift */,
				7C90FC9123D539E3000DA203 /* Main.storyboard */,
				7C90FC9423D539E7000DA203 /* Assets.xcassets */,
				7C90FC9623D539E7000DA203 /* LaunchScreen.storyboard */,
				7C90FC9923D539E7000DA203 /* Info.plist */,
			);
			path = DutchApp;
			sourceTree = "<group>";
		};
		7C942C5323D542D900D3E46D /* ViewControllers */ = {
			isa = PBXGroup;
			children = (
				7C90FC8F23D539E3000DA203 /* ViewController.swift */,
				7C5E918123D5B61B00D05CBC /* RecentViewController.swift */,
				7C5E918323D5B63000D05CBC /* ReceiptViewController.swift */,
			);
			path = ViewControllers;
			sourceTree = "<group>";
		};
		7C942C5423D542E800D3E46D /* Models */ = {
			isa = PBXGroup;
			children = (
				7C942C6323D556D900D3E46D /* UserModel.swift */,
				7C942C5923D554F600D3E46D /* tossModel.swift */,
			);
			path = Models;
			sourceTree = "<group>";
		};
		7C942C5523D542F000D3E46D /* views */ = {
			isa = PBXGroup;
			children = (
				7CE1D3D823D5AA09002511E3 /* CustomTextField.swift */,
				7CE1D3DA23D5AA13002511E3 /* CustomButton.swift */,
				7CE1D3DC23D5AA38002511E3 /* CustomLabel.swift */,
				7C5E918723D5B94500D05CBC /* RecentItemCell.swift */,
				7C8FAD9B23D6919D00DD83EE /* DotLineLabel.swift */,
			);
			path = views;
			sourceTree = "<group>";
		};
		7C942C5623D545C500D3E46D /* utils */ = {
			isa = PBXGroup;
			children = (
				7C942C5723D554C700D3E46D /* toss.swift */,
				7C942C5F23D5567600D3E46D /* Extensions.swift */,
				7C942C5D23D5564800D3E46D /* Constants.swift */,
				7C942C6123D556A100D3E46D /* functions.swift */,
			);
			path = utils;
			sourceTree = "<group>";
		};
		7C942C7323D5581000D3E46D /* Fonts */ = {
			isa = PBXGroup;
			children = (
				7C942C7423D5582000D3E46D /* NanumSquareRoundR.ttf */,
			);
			path = Fonts;
			sourceTree = "<group>";
		};
		810C070AD15F7FCDBD754C28 /* Frameworks */ = {
			isa = PBXGroup;
			children = (
				53E76BEC25EF4AEAFCFDBE80 /* Pods_DutchApp.framework */,
			);
			name = Frameworks;
			sourceTree = "<group>";
		};
		9F06F5D65C27614C1DEF88F6 /* Pods */ = {
			isa = PBXGroup;
			children = (
				B12D53E8E8F7D1148C3F1FFA /* Pods-DutchApp.debug.xcconfig */,
				DB61E27D8A5CBDCFA0194BAC /* Pods-DutchApp.release.xcconfig */,
			);
			path = Pods;
			sourceTree = "<group>";
		};
/* End PBXGroup section */

/* Begin PBXNativeTarget section */
		7C90FC8723D539E3000DA203 /* DutchApp */ = {
			isa = PBXNativeTarget;
			buildConfigurationList = 7C90FC9C23D539E7000DA203 /* Build configuration list for PBXNativeTarget "DutchApp" */;
			buildPhases = (
				61A83FE0ECF8900650D5EA1C /* [CP] Check Pods Manifest.lock */,
				7C90FC8423D539E3000DA203 /* Sources */,
				7C90FC8523D539E3000DA203 /* Frameworks */,
				7C90FC8623D539E3000DA203 /* Resources */,
				68DEB593AFA6A71654CC1C56 /* [CP] Embed Pods Frameworks */,
			);
			buildRules = (
			);
			dependencies = (
			);
			name = DutchApp;
			productName = DutchApp;
			productReference = 7C90FC8823D539E3000DA203 /* DutchApp.app */;
			productType = "com.apple.product-type.application";
		};
/* End PBXNativeTarget section */

/* Begin PBXProject section */
		7C90FC8023D539E3000DA203 /* Project object */ = {
			isa = PBXProject;
			attributes = {
				LastSwiftUpdateCheck = 1130;
				LastUpgradeCheck = 1130;
				ORGANIZATIONNAME = hong3;
				TargetAttributes = {
					7C90FC8723D539E3000DA203 = {
						CreatedOnToolsVersion = 11.3.1;
					};
				};
			};
			buildConfigurationList = 7C90FC8323D539E3000DA203 /* Build configuration list for PBXProject "DutchApp" */;
			compatibilityVersion = "Xcode 9.3";
			developmentRegion = en;
			hasScannedForEncodings = 0;
			knownRegions = (
				en,
				Base,
			);
			mainGroup = 7C90FC7F23D539E3000DA203;
			productRefGroup = 7C90FC8923D539E3000DA203 /* Products */;
			projectDirPath = "";
			projectRoot = "";
			targets = (
				7C90FC8723D539E3000DA203 /* DutchApp */,
			);
		};
/* End PBXProject section */

/* Begin PBXResourcesBuildPhase section */
		7C90FC8623D539E3000DA203 /* Resources */ = {
			isa = PBXResourcesBuildPhase;
			buildActionMask = 2147483647;
			files = (
				7C90FC9823D539E7000DA203 /* LaunchScreen.storyboard in Resources */,
				7C90FC9523D539E7000DA203 /* Assets.xcassets in Resources */,
				7C90FC9323D539E3000DA203 /* Main.storyboard in Resources */,
			);
			runOnlyForDeploymentPostprocessing = 0;
		};
/* End PBXResourcesBuildPhase section */

/* Begin PBXShellScriptBuildPhase section */
		61A83FE0ECF8900650D5EA1C /* [CP] Check Pods Manifest.lock */ = {
			isa = PBXShellScriptBuildPhase;
			buildActionMask = 2147483647;
			files = (
			);
			inputFileListPaths = (
			);
			inputPaths = (
				"${PODS_PODFILE_DIR_PATH}/Podfile.lock",
				"${PODS_ROOT}/Manifest.lock",
			);
			name = "[CP] Check Pods Manifest.lock";
			outputFileListPaths = (
			);
			outputPaths = (
				"$(DERIVED_FILE_DIR)/Pods-DutchApp-checkManifestLockResult.txt",
			);
			runOnlyForDeploymentPostprocessing = 0;
			shellPath = /bin/sh;
			shellScript = "diff \"${PODS_PODFILE_DIR_PATH}/Podfile.lock\" \"${PODS_ROOT}/Manifest.lock\" > /dev/null\nif [ $? != 0 ] ; then\n    # print error to STDERR\n    echo \"error: The sandbox is not in sync with the Podfile.lock. Run 'pod install' or update your CocoaPods installation.\" >&2\n    exit 1\nfi\n# This output is used by Xcode 'outputs' to avoid re-running this script phase.\necho \"SUCCESS\" > \"${SCRIPT_OUTPUT_FILE_0}\"\n";
			showEnvVarsInLog = 0;
		};
		68DEB593AFA6A71654CC1C56 /* [CP] Embed Pods Frameworks */ = {
			isa = PBXShellScriptBuildPhase;
			buildActionMask = 2147483647;
			files = (
			);
			inputFileListPaths = (
				"${PODS_ROOT}/Target Support Files/Pods-DutchApp/Pods-DutchApp-frameworks-${CONFIGURATION}-input-files.xcfilelist",
			);
			name = "[CP] Embed Pods Frameworks";
			outputFileListPaths = (
				"${PODS_ROOT}/Target Support Files/Pods-DutchApp/Pods-DutchApp-frameworks-${CONFIGURATION}-output-files.xcfilelist",
			);
			runOnlyForDeploymentPostprocessing = 0;
			shellPath = /bin/sh;
			shellScript = "\"${PODS_ROOT}/Target Support Files/Pods-DutchApp/Pods-DutchApp-frameworks.sh\"\n";
			showEnvVarsInLog = 0;
		};
/* End PBXShellScriptBuildPhase section */

/* Begin PBXSourcesBuildPhase section */
		7C90FC8423D539E3000DA203 /* Sources */ = {
			isa = PBXSourcesBuildPhase;
			buildActionMask = 2147483647;
			files = (
				7C90FC9023D539E3000DA203 /* ViewController.swift in Sources */,
				7C5E918223D5B61B00D05CBC /* RecentViewController.swift in Sources */,
				7C90FC8C23D539E3000DA203 /* AppDelegate.swift in Sources */,
				7C942C5823D554C700D3E46D /* toss.swift in Sources */,
				7C5E918823D5B94500D05CBC /* RecentItemCell.swift in Sources */,
				7C942C6223D556A100D3E46D /* functions.swift in Sources */,
				7CE1D3D923D5AA09002511E3 /* CustomTextField.swift in Sources */,
				7C90FC8E23D539E3000DA203 /* SceneDelegate.swift in Sources */,
				7C942C5A23D554F600D3E46D /* tossModel.swift in Sources */,
				7CE1D3DD23D5AA38002511E3 /* CustomLabel.swift in Sources */,
				7CE1D3DB23D5AA13002511E3 /* CustomButton.swift in Sources */,
				7C942C5E23D5564800D3E46D /* Constants.swift in Sources */,
				7C8FAD9C23D6919D00DD83EE /* DotLineLabel.swift in Sources */,
				7C5E918423D5B63000D05CBC /* ReceiptViewController.swift in Sources */,
				7C942C6423D556D900D3E46D /* UserModel.swift in Sources */,
				7C942C6023D5567600D3E46D /* Extensions.swift in Sources */,
			);
			runOnlyForDeploymentPostprocessing = 0;
		};
/* End PBXSourcesBuildPhase section */

/* Begin PBXVariantGroup section */
		7C90FC9123D539E3000DA203 /* Main.storyboard */ = {
			isa = PBXVariantGroup;
			children = (
				7C90FC9223D539E3000DA203 /* Base */,
			);
			name = Main.storyboard;
			sourceTree = "<group>";
		};
		7C90FC9623D539E7000DA203 /* LaunchScreen.storyboard */ = {
			isa = PBXVariantGroup;
			children = (
				7C90FC9723D539E7000DA203 /* Base */,
			);
			name = LaunchScreen.storyboard;
			sourceTree = "<group>";
		};
/* End PBXVariantGroup section */

/* Begin XCBuildConfiguration section */
		7C90FC9A23D539E7000DA203 /* Debug */ = {
			isa = XCBuildConfiguration;
			buildSettings = {
				ALWAYS_SEARCH_USER_PATHS = NO;
				CLANG_ANALYZER_NONNULL = YES;
				CLANG_ANALYZER_NUMBER_OBJECT_CONVERSION = YES_AGGRESSIVE;
				CLANG_CXX_LANGUAGE_STANDARD = "gnu++14";
				CLANG_CXX_LIBRARY = "libc++";
				CLANG_ENABLE_MODULES = YES;
				CLANG_ENABLE_OBJC_ARC = YES;
				CLANG_ENABLE_OBJC_WEAK = YES;
				CLANG_WARN_BLOCK_CAPTURE_AUTORELEASING = YES;
				CLANG_WARN_BOOL_CONVERSION = YES;
				CLANG_WARN_COMMA = YES;
				CLANG_WARN_CONSTANT_CONVERSION = YES;
				CLANG_WARN_DEPRECATED_OBJC_IMPLEMENTATIONS = YES;
				CLANG_WARN_DIRECT_OBJC_ISA_USAGE = YES_ERROR;
				CLANG_WARN_DOCUMENTATION_COMMENTS = YES;
				CLANG_WARN_EMPTY_BODY = YES;
				CLANG_WARN_ENUM_CONVERSION = YES;
				CLANG_WARN_INFINITE_RECURSION = YES;
				CLANG_WARN_INT_CONVERSION = YES;
				CLANG_WARN_NON_LITERAL_NULL_CONVERSION = YES;
				CLANG_WARN_OBJC_IMPLICIT_RETAIN_SELF = YES;
				CLANG_WARN_OBJC_LITERAL_CONVERSION = YES;
				CLANG_WARN_OBJC_ROOT_CLASS = YES_ERROR;
				CLANG_WARN_RANGE_LOOP_ANALYSIS = YES;
				CLANG_WARN_STRICT_PROTOTYPES = YES;
				CLANG_WARN_SUSPICIOUS_MOVE = YES;
				CLANG_WARN_UNGUARDED_AVAILABILITY = YES_AGGRESSIVE;
				CLANG_WARN_UNREACHABLE_CODE = YES;
				CLANG_WARN__DUPLICATE_METHOD_MATCH = YES;
				COPY_PHASE_STRIP = NO;
				DEBUG_INFORMATION_FORMAT = dwarf;
				ENABLE_STRICT_OBJC_MSGSEND = YES;
				ENABLE_TESTABILITY = YES;
				GCC_C_LANGUAGE_STANDARD = gnu11;
				GCC_DYNAMIC_NO_PIC = NO;
				GCC_NO_COMMON_BLOCKS = YES;
				GCC_OPTIMIZATION_LEVEL = 0;
				GCC_PREPROCESSOR_DEFINITIONS = (
					"DEBUG=1",
					"$(inherited)",
				);
				GCC_WARN_64_TO_32_BIT_CONVERSION = YES;
				GCC_WARN_ABOUT_RETURN_TYPE = YES_ERROR;
				GCC_WARN_UNDECLARED_SELECTOR = YES;
				GCC_WARN_UNINITIALIZED_AUTOS = YES_AGGRESSIVE;
				GCC_WARN_UNUSED_FUNCTION = YES;
				GCC_WARN_UNUSED_VARIABLE = YES;
				IPHONEOS_DEPLOYMENT_TARGET = 13.2;
				MTL_ENABLE_DEBUG_INFO = INCLUDE_SOURCE;
				MTL_FAST_MATH = YES;
				ONLY_ACTIVE_ARCH = YES;
				SDKROOT = iphoneos;
				SWIFT_ACTIVE_COMPILATION_CONDITIONS = DEBUG;
				SWIFT_OPTIMIZATION_LEVEL = "-Onone";
			};
			name = Debug;
		};
		7C90FC9B23D539E7000DA203 /* Release */ = {
			isa = XCBuildConfiguration;
			buildSettings = {
				ALWAYS_SEARCH_USER_PATHS = NO;
				CLANG_ANALYZER_NONNULL = YES;
				CLANG_ANALYZER_NUMBER_OBJECT_CONVERSION = YES_AGGRESSIVE;
				CLANG_CXX_LANGUAGE_STANDARD = "gnu++14";
				CLANG_CXX_LIBRARY = "libc++";
				CLANG_ENABLE_MODULES = YES;
				CLANG_ENABLE_OBJC_ARC = YES;
				CLANG_ENABLE_OBJC_WEAK = YES;
				CLANG_WARN_BLOCK_CAPTURE_AUTORELEASING = YES;
				CLANG_WARN_BOOL_CONVERSION = YES;
				CLANG_WARN_COMMA = YES;
				CLANG_WARN_CONSTANT_CONVERSION = YES;
				CLANG_WARN_DEPRECATED_OBJC_IMPLEMENTATIONS = YES;
				CLANG_WARN_DIRECT_OBJC_ISA_USAGE = YES_ERROR;
				CLANG_WARN_DOCUMENTATION_COMMENTS = YES;
				CLANG_WARN_EMPTY_BODY = YES;
				CLANG_WARN_ENUM_CONVERSION = YES;
				CLANG_WARN_INFINITE_RECURSION = YES;
				CLANG_WARN_INT_CONVERSION = YES;
				CLANG_WARN_NON_LITERAL_NULL_CONVERSION = YES;
				CLANG_WARN_OBJC_IMPLICIT_RETAIN_SELF = YES;
				CLANG_WARN_OBJC_LITERAL_CONVERSION = YES;
				CLANG_WARN_OBJC_ROOT_CLASS = YES_ERROR;
				CLANG_WARN_RANGE_LOOP_ANALYSIS = YES;
				CLANG_WARN_STRICT_PROTOTYPES = YES;
				CLANG_WARN_SUSPICIOUS_MOVE = YES;
				CLANG_WARN_UNGUARDED_AVAILABILITY = YES_AGGRESSIVE;
				CLANG_WARN_UNREACHABLE_CODE = YES;
				CLANG_WARN__DUPLICATE_METHOD_MATCH = YES;
				COPY_PHASE_STRIP = NO;
				DEBUG_INFORMATION_FORMAT = "dwarf-with-dsym";
				ENABLE_NS_ASSERTIONS = NO;
				ENABLE_STRICT_OBJC_MSGSEND = YES;
				GCC_C_LANGUAGE_STANDARD = gnu11;
				GCC_NO_COMMON_BLOCKS = YES;
				GCC_WARN_64_TO_32_BIT_CONVERSION = YES;
				GCC_WARN_ABOUT_RETURN_TYPE = YES_ERROR;
				GCC_WARN_UNDECLARED_SELECTOR = YES;
				GCC_WARN_UNINITIALIZED_AUTOS = YES_AGGRESSIVE;
				GCC_WARN_UNUSED_FUNCTION = YES;
				GCC_WARN_UNUSED_VARIABLE = YES;
				IPHONEOS_DEPLOYMENT_TARGET = 13.2;
				MTL_ENABLE_DEBUG_INFO = NO;
				MTL_FAST_MATH = YES;
				SDKROOT = iphoneos;
				SWIFT_COMPILATION_MODE = wholemodule;
				SWIFT_OPTIMIZATION_LEVEL = "-O";
				VALIDATE_PRODUCT = YES;
			};
			name = Release;
		};
		7C90FC9D23D539E7000DA203 /* Debug */ = {
			isa = XCBuildConfiguration;
			baseConfigurationReference = B12D53E8E8F7D1148C3F1FFA /* Pods-DutchApp.debug.xcconfig */;
			buildSettings = {
				ASSETCATALOG_COMPILER_APPICON_NAME = AppIcon;
				CODE_SIGN_STYLE = Automatic;
				INFOPLIST_FILE = DutchApp/Info.plist;
				LD_RUNPATH_SEARCH_PATHS = (
					"$(inherited)",
					"@executable_path/Frameworks",
				);
				PRODUCT_BUNDLE_IDENTIFIER = io.github.hongdonghyun.dutchapp.DutchApp;
				PRODUCT_NAME = "$(TARGET_NAME)";
				SWIFT_VERSION = 5.0;
				TARGETED_DEVICE_FAMILY = "1,2";
			};
			name = Debug;
		};
		7C90FC9E23D539E7000DA203 /* Release */ = {
			isa = XCBuildConfiguration;
			baseConfigurationReference = DB61E27D8A5CBDCFA0194BAC /* Pods-DutchApp.release.xcconfig */;
			buildSettings = {
				ASSETCATALOG_COMPILER_APPICON_NAME = AppIcon;
				CODE_SIGN_STYLE = Automatic;
				INFOPLIST_FILE = DutchApp/Info.plist;
				LD_RUNPATH_SEARCH_PATHS = (
					"$(inherited)",
					"@executable_path/Frameworks",
				);
				PRODUCT_BUNDLE_IDENTIFIER = io.github.hongdonghyun.dutchapp.DutchApp;
				PRODUCT_NAME = "$(TARGET_NAME)";
				SWIFT_VERSION = 5.0;
				TARGETED_DEVICE_FAMILY = "1,2";
			};
			name = Release;
		};
/* End XCBuildConfiguration section */

/* Begin XCConfigurationList section */
		7C90FC8323D539E3000DA203 /* Build configuration list for PBXProject "DutchApp" */ = {
			isa = XCConfigurationList;
			buildConfigurations = (
				7C90FC9A23D539E7000DA203 /* Debug */,
				7C90FC9B23D539E7000DA203 /* Release */,
			);
			defaultConfigurationIsVisible = 0;
			defaultConfigurationName = Release;
		};
		7C90FC9C23D539E7000DA203 /* Build configuration list for PBXNativeTarget "DutchApp" */ = {
			isa = XCConfigurationList;
			buildConfigurations = (
				7C90FC9D23D539E7000DA203 /* Debug */,
				7C90FC9E23D539E7000DA203 /* Release */,
			);
			defaultConfigurationIsVisible = 0;
			defaultConfigurationName = Release;
		};
/* End XCConfigurationList section */
	};
	rootObject = 7C90FC8023D539E3000DA203 /* Project object */;
}
