// !$*UTF8*$!
{
	archiveVersion = 1;
	classes = {
	};
	objectVersion = 50;
	objects = {

/* Begin PBXBuildFile section */
		7C5EBF4D23A51E63000C5715 /* SecondViewController.swift in Sources */ = {isa = PBXBuildFile; fileRef = 7C5EBF4C23A51E63000C5715 /* SecondViewController.swift */; };
		7C5EBF4F23A51FBC000C5715 /* UserModels.swift in Sources */ = {isa = PBXBuildFile; fileRef = 7C5EBF4E23A51FBC000C5715 /* UserModels.swift */; };
		7C5EBF5123A52157000C5715 /* CustomUnderLine.swift in Sources */ = {isa = PBXBuildFile; fileRef = 7C5EBF5023A52157000C5715 /* CustomUnderLine.swift */; };
		7CF46E9C23A344520038626A /* AppDelegate.swift in Sources */ = {isa = PBXBuildFile; fileRef = 7CF46E9B23A344520038626A /* AppDelegate.swift */; };
		7CF46E9E23A344520038626A /* SceneDelegate.swift in Sources */ = {isa = PBXBuildFile; fileRef = 7CF46E9D23A344520038626A /* SceneDelegate.swift */; };
		7CF46EA023A344520038626A /* ViewController.swift in Sources */ = {isa = PBXBuildFile; fileRef = 7CF46E9F23A344520038626A /* ViewController.swift */; };
		7CF46EA323A344520038626A /* Main.storyboard in Resources */ = {isa = PBXBuildFile; fileRef = 7CF46EA123A344520038626A /* Main.storyboard */; };
		7CF46EA523A344550038626A /* Assets.xcassets in Resources */ = {isa = PBXBuildFile; fileRef = 7CF46EA423A344550038626A /* Assets.xcassets */; };
		7CF46EA823A344550038626A /* LaunchScreen.storyboard in Resources */ = {isa = PBXBuildFile; fileRef = 7CF46EA623A344550038626A /* LaunchScreen.storyboard */; };
		7CF46EB023A37F230038626A /* CustomLogoView.swift in Sources */ = {isa = PBXBuildFile; fileRef = 7CF46EAF23A37F230038626A /* CustomLogoView.swift */; };
		7CF46EB223A382B60038626A /* CustomTextField.swift in Sources */ = {isa = PBXBuildFile; fileRef = 7CF46EB123A382B60038626A /* CustomTextField.swift */; };
		7CF46EB523A390CA0038626A /* ExtensionTextField.swift in Sources */ = {isa = PBXBuildFile; fileRef = 7CF46EB423A390CA0038626A /* ExtensionTextField.swift */; };
/* End PBXBuildFile section */

/* Begin PBXFileReference section */
		7C5EBF4C23A51E63000C5715 /* SecondViewController.swift */ = {isa = PBXFileReference; lastKnownFileType = sourcecode.swift; path = SecondViewController.swift; sourceTree = "<group>"; };
		7C5EBF4E23A51FBC000C5715 /* UserModels.swift */ = {isa = PBXFileReference; lastKnownFileType = sourcecode.swift; path = UserModels.swift; sourceTree = "<group>"; };
		7C5EBF5023A52157000C5715 /* CustomUnderLine.swift */ = {isa = PBXFileReference; lastKnownFileType = sourcecode.swift; path = CustomUnderLine.swift; sourceTree = "<group>"; };
		7CF46E9823A344520038626A /* LoginPageExample.app */ = {isa = PBXFileReference; explicitFileType = wrapper.application; includeInIndex = 0; path = LoginPageExample.app; sourceTree = BUILT_PRODUCTS_DIR; };
		7CF46E9B23A344520038626A /* AppDelegate.swift */ = {isa = PBXFileReference; lastKnownFileType = sourcecode.swift; path = AppDelegate.swift; sourceTree = "<group>"; };
		7CF46E9D23A344520038626A /* SceneDelegate.swift */ = {isa = PBXFileReference; lastKnownFileType = sourcecode.swift; path = SceneDelegate.swift; sourceTree = "<group>"; };
		7CF46E9F23A344520038626A /* ViewController.swift */ = {isa = PBXFileReference; lastKnownFileType = sourcecode.swift; name = ViewController.swift; path = ../ViewController.swift; sourceTree = "<group>"; };
		7CF46EA223A344520038626A /* Base */ = {isa = PBXFileReference; lastKnownFileType = file.storyboard; name = Base; path = Base.lproj/Main.storyboard; sourceTree = "<group>"; };
		7CF46EA423A344550038626A /* Assets.xcassets */ = {isa = PBXFileReference; lastKnownFileType = folder.assetcatalog; path = Assets.xcassets; sourceTree = "<group>"; };
		7CF46EA723A344550038626A /* Base */ = {isa = PBXFileReference; lastKnownFileType = file.storyboard; name = Base; path = Base.lproj/LaunchScreen.storyboard; sourceTree = "<group>"; };
		7CF46EA923A344550038626A /* Info.plist */ = {isa = PBXFileReference; lastKnownFileType = text.plist.xml; path = Info.plist; sourceTree = "<group>"; };
		7CF46EAF23A37F230038626A /* CustomLogoView.swift */ = {isa = PBXFileReference; lastKnownFileType = sourcecode.swift; name = CustomLogoView.swift; path = ../CustomLogoView.swift; sourceTree = "<group>"; };
		7CF46EB123A382B60038626A /* CustomTextField.swift */ = {isa = PBXFileReference; lastKnownFileType = sourcecode.swift; name = CustomTextField.swift; path = ../CustomTextField.swift; sourceTree = "<group>"; };
		7CF46EB423A390CA0038626A /* ExtensionTextField.swift */ = {isa = PBXFileReference; lastKnownFileType = sourcecode.swift; path = ExtensionTextField.swift; sourceTree = "<group>"; };
/* End PBXFileReference section */

/* Begin PBXFrameworksBuildPhase section */
		7CF46E9523A344510038626A /* Frameworks */ = {
			isa = PBXFrameworksBuildPhase;
			buildActionMask = 2147483647;
			files = (
			);
			runOnlyForDeploymentPostprocessing = 0;
		};
/* End PBXFrameworksBuildPhase section */

/* Begin PBXGroup section */
		7C5EBF4B23A51E3D000C5715 /* ViewControllers */ = {
			isa = PBXGroup;
			children = (
				7CF46E9F23A344520038626A /* ViewController.swift */,
				7C5EBF4C23A51E63000C5715 /* SecondViewController.swift */,
			);
			path = ViewControllers;
			sourceTree = "<group>";
		};
		7CF46E8F23A344510038626A = {
			isa = PBXGroup;
			children = (
				7CF46E9A23A344520038626A /* LoginPageExample */,
				7CF46E9923A344520038626A /* Products */,
			);
			sourceTree = "<group>";
		};
		7CF46E9923A344520038626A /* Products */ = {
			isa = PBXGroup;
			children = (
				7CF46E9823A344520038626A /* LoginPageExample.app */,
			);
			name = Products;
			sourceTree = "<group>";
		};
		7CF46E9A23A344520038626A /* LoginPageExample */ = {
			isa = PBXGroup;
			children = (
				7C5EBF4B23A51E3D000C5715 /* ViewControllers */,
				7CF46EB623A3AEE50038626A /* views */,
				7CF46EB323A390B20038626A /* Extensions */,
				7CF46E9B23A344520038626A /* AppDelegate.swift */,
				7CF46E9D23A344520038626A /* SceneDelegate.swift */,
				7CF46EA123A344520038626A /* Main.storyboard */,
				7CF46EA423A344550038626A /* Assets.xcassets */,
				7CF46EA623A344550038626A /* LaunchScreen.storyboard */,
				7CF46EA923A344550038626A /* Info.plist */,
				7C5EBF4E23A51FBC000C5715 /* UserModels.swift */,
			);
			path = LoginPageExample;
			sourceTree = "<group>";
		};
		7CF46EB323A390B20038626A /* Extensions */ = {
			isa = PBXGroup;
			children = (
				7CF46EB423A390CA0038626A /* ExtensionTextField.swift */,
			);
			path = Extensions;
			sourceTree = "<group>";
		};
		7CF46EB623A3AEE50038626A /* views */ = {
			isa = PBXGroup;
			children = (
				7CF46EB123A382B60038626A /* CustomTextField.swift */,
				7CF46EAF23A37F230038626A /* CustomLogoView.swift */,
				7C5EBF5023A52157000C5715 /* CustomUnderLine.swift */,
			);
			path = views;
			sourceTree = "<group>";
		};
/* End PBXGroup section */

/* Begin PBXNativeTarget section */
		7CF46E9723A344510038626A /* LoginPageExample */ = {
			isa = PBXNativeTarget;
			buildConfigurationList = 7CF46EAC23A344550038626A /* Build configuration list for PBXNativeTarget "LoginPageExample" */;
			buildPhases = (
				7CF46E9423A344510038626A /* Sources */,
				7CF46E9523A344510038626A /* Frameworks */,
				7CF46E9623A344510038626A /* Resources */,
			);
			buildRules = (
			);
			dependencies = (
			);
			name = LoginPageExample;
			productName = LoginPageExample;
			productReference = 7CF46E9823A344520038626A /* LoginPageExample.app */;
			productType = "com.apple.product-type.application";
		};
/* End PBXNativeTarget section */

/* Begin PBXProject section */
		7CF46E9023A344510038626A /* Project object */ = {
			isa = PBXProject;
			attributes = {
				LastSwiftUpdateCheck = 1110;
				LastUpgradeCheck = 1110;
				ORGANIZATIONNAME = hong3;
				TargetAttributes = {
					7CF46E9723A344510038626A = {
						CreatedOnToolsVersion = 11.1;
					};
				};
			};
			buildConfigurationList = 7CF46E9323A344510038626A /* Build configuration list for PBXProject "LoginPageExample" */;
			compatibilityVersion = "Xcode 9.3";
			developmentRegion = en;
			hasScannedForEncodings = 0;
			knownRegions = (
				en,
				Base,
			);
			mainGroup = 7CF46E8F23A344510038626A;
			productRefGroup = 7CF46E9923A344520038626A /* Products */;
			projectDirPath = "";
			projectRoot = "";
			targets = (
				7CF46E9723A344510038626A /* LoginPageExample */,
			);
		};
/* End PBXProject section */

/* Begin PBXResourcesBuildPhase section */
		7CF46E9623A344510038626A /* Resources */ = {
			isa = PBXResourcesBuildPhase;
			buildActionMask = 2147483647;
			files = (
				7CF46EA823A344550038626A /* LaunchScreen.storyboard in Resources */,
				7CF46EA523A344550038626A /* Assets.xcassets in Resources */,
				7CF46EA323A344520038626A /* Main.storyboard in Resources */,
			);
			runOnlyForDeploymentPostprocessing = 0;
		};
/* End PBXResourcesBuildPhase section */

/* Begin PBXSourcesBuildPhase section */
		7CF46E9423A344510038626A /* Sources */ = {
			isa = PBXSourcesBuildPhase;
			buildActionMask = 2147483647;
			files = (
				7CF46EA023A344520038626A /* ViewController.swift in Sources */,
				7CF46EB523A390CA0038626A /* ExtensionTextField.swift in Sources */,
				7C5EBF5123A52157000C5715 /* CustomUnderLine.swift in Sources */,
				7CF46E9C23A344520038626A /* AppDelegate.swift in Sources */,
				7CF46EB023A37F230038626A /* CustomLogoView.swift in Sources */,
				7C5EBF4D23A51E63000C5715 /* SecondViewController.swift in Sources */,
				7CF46E9E23A344520038626A /* SceneDelegate.swift in Sources */,
				7C5EBF4F23A51FBC000C5715 /* UserModels.swift in Sources */,
				7CF46EB223A382B60038626A /* CustomTextField.swift in Sources */,
			);
			runOnlyForDeploymentPostprocessing = 0;
		};
/* End PBXSourcesBuildPhase section */

/* Begin PBXVariantGroup section */
		7CF46EA123A344520038626A /* Main.storyboard */ = {
			isa = PBXVariantGroup;
			children = (
				7CF46EA223A344520038626A /* Base */,
			);
			name = Main.storyboard;
			sourceTree = "<group>";
		};
		7CF46EA623A344550038626A /* LaunchScreen.storyboard */ = {
			isa = PBXVariantGroup;
			children = (
				7CF46EA723A344550038626A /* Base */,
			);
			name = LaunchScreen.storyboard;
			sourceTree = "<group>";
		};
/* End PBXVariantGroup section */

/* Begin XCBuildConfiguration section */
		7CF46EAA23A344550038626A /* Debug */ = {
			isa = XCBuildConfiguration;
			buildSettings = {
				ALWAYS_SEARCH_USER_PATHS = NO;
				CLANG_ANALYZER_NONNULL = YES;
				CLANG_ANALYZER_NUMBER_OBJECT_CONVERSION = YES_AGGRESSIVE;
				CLANG_CXX_LANGUAGE_STANDARD = "gnu++14";
				CLANG_CXX_LIBRARY = "libc++";
				CLANG_ENABLE_MODULES = YES;
				CLANG_ENABLE_OBJC_ARC = YES;
				CLANG_ENABLE_OBJC_WEAK = YES;
				CLANG_WARN_BLOCK_CAPTURE_AUTORELEASING = YES;
				CLANG_WARN_BOOL_CONVERSION = YES;
				CLANG_WARN_COMMA = YES;
				CLANG_WARN_CONSTANT_CONVERSION = YES;
				CLANG_WARN_DEPRECATED_OBJC_IMPLEMENTATIONS = YES;
				CLANG_WARN_DIRECT_OBJC_ISA_USAGE = YES_ERROR;
				CLANG_WARN_DOCUMENTATION_COMMENTS = YES;
				CLANG_WARN_EMPTY_BODY = YES;
				CLANG_WARN_ENUM_CONVERSION = YES;
				CLANG_WARN_INFINITE_RECURSION = YES;
				CLANG_WARN_INT_CONVERSION = YES;
				CLANG_WARN_NON_LITERAL_NULL_CONVERSION = YES;
				CLANG_WARN_OBJC_IMPLICIT_RETAIN_SELF = YES;
				CLANG_WARN_OBJC_LITERAL_CONVERSION = YES;
				CLANG_WARN_OBJC_ROOT_CLASS = YES_ERROR;
				CLANG_WARN_RANGE_LOOP_ANALYSIS = YES;
				CLANG_WARN_STRICT_PROTOTYPES = YES;
				CLANG_WARN_SUSPICIOUS_MOVE = YES;
				CLANG_WARN_UNGUARDED_AVAILABILITY = YES_AGGRESSIVE;
				CLANG_WARN_UNREACHABLE_CODE = YES;
				CLANG_WARN__DUPLICATE_METHOD_MATCH = YES;
				COPY_PHASE_STRIP = NO;
				DEBUG_INFORMATION_FORMAT = dwarf;
				ENABLE_STRICT_OBJC_MSGSEND = YES;
				ENABLE_TESTABILITY = YES;
				GCC_C_LANGUAGE_STANDARD = gnu11;
				GCC_DYNAMIC_NO_PIC = NO;
				GCC_NO_COMMON_BLOCKS = YES;
				GCC_OPTIMIZATION_LEVEL = 0;
				GCC_PREPROCESSOR_DEFINITIONS = (
					"DEBUG=1",
					"$(inherited)",
				);
				GCC_WARN_64_TO_32_BIT_CONVERSION = YES;
				GCC_WARN_ABOUT_RETURN_TYPE = YES_ERROR;
				GCC_WARN_UNDECLARED_SELECTOR = YES;
				GCC_WARN_UNINITIALIZED_AUTOS = YES_AGGRESSIVE;
				GCC_WARN_UNUSED_FUNCTION = YES;
				GCC_WARN_UNUSED_VARIABLE = YES;
				IPHONEOS_DEPLOYMENT_TARGET = 13.1;
				MTL_ENABLE_DEBUG_INFO = INCLUDE_SOURCE;
				MTL_FAST_MATH = YES;
				ONLY_ACTIVE_ARCH = YES;
				SDKROOT = iphoneos;
				SWIFT_ACTIVE_COMPILATION_CONDITIONS = DEBUG;
				SWIFT_OPTIMIZATION_LEVEL = "-Onone";
			};
			name = Debug;
		};
		7CF46EAB23A344550038626A /* Release */ = {
			isa = XCBuildConfiguration;
			buildSettings = {
				ALWAYS_SEARCH_USER_PATHS = NO;
				CLANG_ANALYZER_NONNULL = YES;
				CLANG_ANALYZER_NUMBER_OBJECT_CONVERSION = YES_AGGRESSIVE;
				CLANG_CXX_LANGUAGE_STANDARD = "gnu++14";
				CLANG_CXX_LIBRARY = "libc++";
				CLANG_ENABLE_MODULES = YES;
				CLANG_ENABLE_OBJC_ARC = YES;
				CLANG_ENABLE_OBJC_WEAK = YES;
				CLANG_WARN_BLOCK_CAPTURE_AUTORELEASING = YES;
				CLANG_WARN_BOOL_CONVERSION = YES;
				CLANG_WARN_COMMA = YES;
				CLANG_WARN_CONSTANT_CONVERSION = YES;
				CLANG_WARN_DEPRECATED_OBJC_IMPLEMENTATIONS = YES;
				CLANG_WARN_DIRECT_OBJC_ISA_USAGE = YES_ERROR;
				CLANG_WARN_DOCUMENTATION_COMMENTS = YES;
				CLANG_WARN_EMPTY_BODY = YES;
				CLANG_WARN_ENUM_CONVERSION = YES;
				CLANG_WARN_INFINITE_RECURSION = YES;
				CLANG_WARN_INT_CONVERSION = YES;
				CLANG_WARN_NON_LITERAL_NULL_CONVERSION = YES;
				CLANG_WARN_OBJC_IMPLICIT_RETAIN_SELF = YES;
				CLANG_WARN_OBJC_LITERAL_CONVERSION = YES;
				CLANG_WARN_OBJC_ROOT_CLASS = YES_ERROR;
				CLANG_WARN_RANGE_LOOP_ANALYSIS = YES;
				CLANG_WARN_STRICT_PROTOTYPES = YES;
				CLANG_WARN_SUSPICIOUS_MOVE = YES;
				CLANG_WARN_UNGUARDED_AVAILABILITY = YES_AGGRESSIVE;
				CLANG_WARN_UNREACHABLE_CODE = YES;
				CLANG_WARN__DUPLICATE_METHOD_MATCH = YES;
				COPY_PHASE_STRIP = NO;
				DEBUG_INFORMATION_FORMAT = "dwarf-with-dsym";
				ENABLE_NS_ASSERTIONS = NO;
				ENABLE_STRICT_OBJC_MSGSEND = YES;
				GCC_C_LANGUAGE_STANDARD = gnu11;
				GCC_NO_COMMON_BLOCKS = YES;
				GCC_WARN_64_TO_32_BIT_CONVERSION = YES;
				GCC_WARN_ABOUT_RETURN_TYPE = YES_ERROR;
				GCC_WARN_UNDECLARED_SELECTOR = YES;
				GCC_WARN_UNINITIALIZED_AUTOS = YES_AGGRESSIVE;
				GCC_WARN_UNUSED_FUNCTION = YES;
				GCC_WARN_UNUSED_VARIABLE = YES;
				IPHONEOS_DEPLOYMENT_TARGET = 13.1;
				MTL_ENABLE_DEBUG_INFO = NO;
				MTL_FAST_MATH = YES;
				SDKROOT = iphoneos;
				SWIFT_COMPILATION_MODE = wholemodule;
				SWIFT_OPTIMIZATION_LEVEL = "-O";
				VALIDATE_PRODUCT = YES;
			};
			name = Release;
		};
		7CF46EAD23A344550038626A /* Debug */ = {
			isa = XCBuildConfiguration;
			buildSettings = {
				ASSETCATALOG_COMPILER_APPICON_NAME = AppIcon;
				CODE_SIGN_STYLE = Automatic;
				INFOPLIST_FILE = LoginPageExample/Info.plist;
				LD_RUNPATH_SEARCH_PATHS = (
					"$(inherited)",
					"@executable_path/Frameworks",
				);
				PRODUCT_BUNDLE_IDENTIFIER = io.github.hongdonghyun.LoginPageExample;
				PRODUCT_NAME = "$(TARGET_NAME)";
				SWIFT_VERSION = 5.0;
				TARGETED_DEVICE_FAMILY = "1,2";
			};
			name = Debug;
		};
		7CF46EAE23A344550038626A /* Release */ = {
			isa = XCBuildConfiguration;
			buildSettings = {
				ASSETCATALOG_COMPILER_APPICON_NAME = AppIcon;
				CODE_SIGN_STYLE = Automatic;
				INFOPLIST_FILE = LoginPageExample/Info.plist;
				LD_RUNPATH_SEARCH_PATHS = (
					"$(inherited)",
					"@executable_path/Frameworks",
				);
				PRODUCT_BUNDLE_IDENTIFIER = io.github.hongdonghyun.LoginPageExample;
				PRODUCT_NAME = "$(TARGET_NAME)";
				SWIFT_VERSION = 5.0;
				TARGETED_DEVICE_FAMILY = "1,2";
			};
			name = Release;
		};
/* End XCBuildConfiguration section */

/* Begin XCConfigurationList section */
		7CF46E9323A344510038626A /* Build configuration list for PBXProject "LoginPageExample" */ = {
			isa = XCConfigurationList;
			buildConfigurations = (
				7CF46EAA23A344550038626A /* Debug */,
				7CF46EAB23A344550038626A /* Release */,
			);
			defaultConfigurationIsVisible = 0;
			defaultConfigurationName = Release;
		};
		7CF46EAC23A344550038626A /* Build configuration list for PBXNativeTarget "LoginPageExample" */ = {
			isa = XCConfigurationList;
			buildConfigurations = (
				7CF46EAD23A344550038626A /* Debug */,
				7CF46EAE23A344550038626A /* Release */,
			);
			defaultConfigurationIsVisible = 0;
			defaultConfigurationName = Release;
		};
/* End XCConfigurationList section */
	};
	rootObject = 7CF46E9023A344510038626A /* Project object */;
}
